
Microsoft Visual Studio Solution File, Format Version 12.00
# Visual Studio Version 17
VisualStudioVersion = 17.9.34701.34
MinimumVisualStudioVersion = 10.0.40219.1
Project("{FAE04EC0-301F-11D3-BF4B-00C04F79EFBC}") = "test btc", "test btc.csproj", "{9B543FB8-5983-4773-B57C-FD7E43544E6E}"
EndProject
Global
	GlobalSection(SolutionConfigurationPlatforms) = preSolution
		Debug|Any CPU = Debug|Any CPU
		Release|Any CPU = Release|Any CPU
	EndGlobalSection
	GlobalSection(ProjectConfigurationPlatforms) = postSolution
		{9B543FB8-5983-4773-B57C-FD7E43544E6E}.Debug|Any CPU.ActiveCfg = Debug|Any CPU
		{9B543FB8-5983-4773-B57C-FD7E43544E6E}.Debug|Any CPU.Build.0 = Debug|Any CPU
		{9B543FB8-5983-4773-B57C-FD7E43544E6E}.Release|Any CPU.ActiveCfg = Release|Any CPU
		{9B543FB8-5983-4773-B57C-FD7E43544E6E}.Release|Any CPU.Build.0 = Release|Any CPU
	EndGlobalSection
	GlobalSection(SolutionProperties) = preSolution
		HideSolutionNode = FALSE
	EndGlobalSection
	GlobalSection(ExtensibilityGlobals) = postSolution
		SolutionGuid = {202B5995-69B8-421A-B0B3-C74CB351D683}
	EndGlobalSection
EndGlobal
